// !$*UTF8*$!
{
	archiveVersion = 1;
	classes = {
	};
	objectVersion = 51;
	objects = {

/* Begin PBXBuildFile section */
		6903A37226455EB50020350C /* FlexSlider.framework in Frameworks */ = {isa = PBXBuildFile; fileRef = 6903A36826455EB50020350C /* FlexSlider.framework */; };
		6903A37726455EB50020350C /* FlexSliderTests.swift in Sources */ = {isa = PBXBuildFile; fileRef = 6903A37626455EB50020350C /* FlexSliderTests.swift */; };
		6903A37926455EB50020350C /* FlexSlider.h in Headers */ = {isa = PBXBuildFile; fileRef = 6903A36B26455EB50020350C /* FlexSlider.h */; settings = {ATTRIBUTES = (Public, ); }; };
		6903A388264562060020350C /* FlexMutableSlider.swift in Sources */ = {isa = PBXBuildFile; fileRef = 6903A382264562060020350C /* FlexMutableSlider.swift */; };
		6903A389264562060020350C /* FlexMutableSlider.swift in Sources */ = {isa = PBXBuildFile; fileRef = 6903A382264562060020350C /* FlexMutableSlider.swift */; };
		6903A38A264562060020350C /* FlexSnapStepper.swift in Sources */ = {isa = PBXBuildFile; fileRef = 6903A383264562060020350C /* FlexSnapStepper.swift */; };
		6903A38B264562060020350C /* FlexSnapStepper.swift in Sources */ = {isa = PBXBuildFile; fileRef = 6903A383264562060020350C /* FlexSnapStepper.swift */; };
		6903A38C264562060020350C /* FlexSlider.swift in Sources */ = {isa = PBXBuildFile; fileRef = 6903A384264562060020350C /* FlexSlider.swift */; };
		6903A38D264562060020350C /* FlexSlider.swift in Sources */ = {isa = PBXBuildFile; fileRef = 6903A384264562060020350C /* FlexSlider.swift */; };
		6903A38E264562060020350C /* FlexFlickButton.swift in Sources */ = {isa = PBXBuildFile; fileRef = 6903A385264562060020350C /* FlexFlickButton.swift */; };
		6903A38F264562060020350C /* FlexFlickButton.swift in Sources */ = {isa = PBXBuildFile; fileRef = 6903A385264562060020350C /* FlexFlickButton.swift */; };
		6903A390264562060020350C /* FlexDoubleSlider.swift in Sources */ = {isa = PBXBuildFile; fileRef = 6903A386264562060020350C /* FlexDoubleSlider.swift */; };
		6903A391264562060020350C /* FlexDoubleSlider.swift in Sources */ = {isa = PBXBuildFile; fileRef = 6903A386264562060020350C /* FlexDoubleSlider.swift */; };
		6903A392264562060020350C /* GenericStyleSlider.swift in Sources */ = {isa = PBXBuildFile; fileRef = 6903A387264562060020350C /* GenericStyleSlider.swift */; };
		6903A393264562060020350C /* GenericStyleSlider.swift in Sources */ = {isa = PBXBuildFile; fileRef = 6903A387264562060020350C /* GenericStyleSlider.swift */; };
		6903A39D2645632C0020350C /* FlexFlickActionItem.swift in Sources */ = {isa = PBXBuildFile; fileRef = 6903A3962645632C0020350C /* FlexFlickActionItem.swift */; };
		6903A39E2645632C0020350C /* FlexFlickActionItem.swift in Sources */ = {isa = PBXBuildFile; fileRef = 6903A3962645632C0020350C /* FlexFlickActionItem.swift */; };
		6903A39F2645632C0020350C /* SliderThumbSizeInfo.swift in Sources */ = {isa = PBXBuildFile; fileRef = 6903A3972645632C0020350C /* SliderThumbSizeInfo.swift */; };
		6903A3A02645632C0020350C /* SliderThumbSizeInfo.swift in Sources */ = {isa = PBXBuildFile; fileRef = 6903A3972645632C0020350C /* SliderThumbSizeInfo.swift */; };
		6903A3A12645632C0020350C /* MutableSliderItem.swift in Sources */ = {isa = PBXBuildFile; fileRef = 6903A3982645632C0020350C /* MutableSliderItem.swift */; };
		6903A3A22645632C0020350C /* MutableSliderItem.swift in Sources */ = {isa = PBXBuildFile; fileRef = 6903A3982645632C0020350C /* MutableSliderItem.swift */; };
		6903A3A32645632C0020350C /* MutableSliderThumbItem.swift in Sources */ = {isa = PBXBuildFile; fileRef = 6903A3992645632C0020350C /* MutableSliderThumbItem.swift */; };
		6903A3A42645632C0020350C /* MutableSliderThumbItem.swift in Sources */ = {isa = PBXBuildFile; fileRef = 6903A3992645632C0020350C /* MutableSliderThumbItem.swift */; };
		6903A3A52645632C0020350C /* SliderItemSizeInfo.swift in Sources */ = {isa = PBXBuildFile; fileRef = 6903A39A2645632C0020350C /* SliderItemSizeInfo.swift */; };
		6903A3A62645632C0020350C /* SliderItemSizeInfo.swift in Sources */ = {isa = PBXBuildFile; fileRef = 6903A39A2645632C0020350C /* SliderItemSizeInfo.swift */; };
		6903A3A72645632C0020350C /* MutableSliderSeparatorItem.swift in Sources */ = {isa = PBXBuildFile; fileRef = 6903A39B2645632C0020350C /* MutableSliderSeparatorItem.swift */; };
		6903A3A82645632C0020350C /* MutableSliderSeparatorItem.swift in Sources */ = {isa = PBXBuildFile; fileRef = 6903A39B2645632C0020350C /* MutableSliderSeparatorItem.swift */; };
		6903A3A92645632C0020350C /* SliderSeparatorSizeInfo.swift in Sources */ = {isa = PBXBuildFile; fileRef = 6903A39C2645632C0020350C /* SliderSeparatorSizeInfo.swift */; };
		6903A3AA2645632C0020350C /* SliderSeparatorSizeInfo.swift in Sources */ = {isa = PBXBuildFile; fileRef = 6903A39C2645632C0020350C /* SliderSeparatorSizeInfo.swift */; };
		6903A3B1264563760020350C /* StyledSliderItem.swift in Sources */ = {isa = PBXBuildFile; fileRef = 6903A3AB264563760020350C /* StyledSliderItem.swift */; };
		6903A3B2264563760020350C /* StyledSliderItem.swift in Sources */ = {isa = PBXBuildFile; fileRef = 6903A3AB264563760020350C /* StyledSliderItem.swift */; };
		6903A3B3264563760020350C /* StyledControlDirection.swift in Sources */ = {isa = PBXBuildFile; fileRef = 6903A3AC264563760020350C /* StyledControlDirection.swift */; };
		6903A3B4264563760020350C /* StyledControlDirection.swift in Sources */ = {isa = PBXBuildFile; fileRef = 6903A3AC264563760020350C /* StyledControlDirection.swift */; };
		6903A3B5264563760020350C /* StyledSliderThumbList.swift in Sources */ = {isa = PBXBuildFile; fileRef = 6903A3AD264563760020350C /* StyledSliderThumbList.swift */; };
		6903A3B6264563760020350C /* StyledSliderThumbList.swift in Sources */ = {isa = PBXBuildFile; fileRef = 6903A3AD264563760020350C /* StyledSliderThumbList.swift */; };
		6903A3B7264563760020350C /* StyledSliderThumbBehaviour.swift in Sources */ = {isa = PBXBuildFile; fileRef = 6903A3AE264563760020350C /* StyledSliderThumbBehaviour.swift */; };
		6903A3B8264563760020350C /* StyledSliderThumbBehaviour.swift in Sources */ = {isa = PBXBuildFile; fileRef = 6903A3AE264563760020350C /* StyledSliderThumbBehaviour.swift */; };
		6903A3B9264563760020350C /* StyledSliderThumb.swift in Sources */ = {isa = PBXBuildFile; fileRef = 6903A3AF264563760020350C /* StyledSliderThumb.swift */; };
		6903A3BA264563760020350C /* StyledSliderThumb.swift in Sources */ = {isa = PBXBuildFile; fileRef = 6903A3AF264563760020350C /* StyledSliderThumb.swift */; };
		6903A3BB264563760020350C /* StyledSliderSeparator.swift in Sources */ = {isa = PBXBuildFile; fileRef = 6903A3B0264563760020350C /* StyledSliderSeparator.swift */; };
		6903A3BC264563760020350C /* StyledSliderSeparator.swift in Sources */ = {isa = PBXBuildFile; fileRef = 6903A3B0264563760020350C /* StyledSliderSeparator.swift */; };
		6903A3BF264566540020350C /* SnappingThumbBehaviour.swift in Sources */ = {isa = PBXBuildFile; fileRef = 6903A3BE264566540020350C /* SnappingThumbBehaviour.swift */; };
		6903A3C0264566540020350C /* SnappingThumbBehaviour.swift in Sources */ = {isa = PBXBuildFile; fileRef = 6903A3BE264566540020350C /* SnappingThumbBehaviour.swift */; };
		6903A3C2264566700020350C /* PositionUpdateTimer.swift in Sources */ = {isa = PBXBuildFile; fileRef = 6903A3C1264566700020350C /* PositionUpdateTimer.swift */; };
		6903A3C3264566700020350C /* PositionUpdateTimer.swift in Sources */ = {isa = PBXBuildFile; fileRef = 6903A3C1264566700020350C /* PositionUpdateTimer.swift */; };
		6903A3CC2646A14D0020350C /* StyledSliderElementFactory.swift in Sources */ = {isa = PBXBuildFile; fileRef = 6903A3CB2646A14D0020350C /* StyledSliderElementFactory.swift */; };
		6903A3CD2646A14D0020350C /* StyledSliderElementFactory.swift in Sources */ = {isa = PBXBuildFile; fileRef = 6903A3CB2646A14D0020350C /* StyledSliderElementFactory.swift */; };
		6903A3CF2646A2DB0020350C /* StyledLabelExtension.swift in Sources */ = {isa = PBXBuildFile; fileRef = 6903A3CE2646A2DB0020350C /* StyledLabelExtension.swift */; };
		6903A3D02646A2DB0020350C /* StyledLabelExtension.swift in Sources */ = {isa = PBXBuildFile; fileRef = 6903A3CE2646A2DB0020350C /* StyledLabelExtension.swift */; };
		7ECADEAAE5FB6DFD61235A50 /* Pods_FlexSlider_FlexSliderTests.framework in Frameworks */ = {isa = PBXBuildFile; fileRef = 18305B6EA2550C8741B9A6DC /* Pods_FlexSlider_FlexSliderTests.framework */; };
		C11539AD8E4226C3BACE0745 /* Pods_FlexSlider.framework in Frameworks */ = {isa = PBXBuildFile; fileRef = F05E7646A7B6A5279AA7233D /* Pods_FlexSlider.framework */; };
/* End PBXBuildFile section */

/* Begin PBXContainerItemProxy section */
		6903A37326455EB50020350C /* PBXContainerItemProxy */ = {
			isa = PBXContainerItemProxy;
			containerPortal = 6903A35F26455EB50020350C /* Project object */;
			proxyType = 1;
			remoteGlobalIDString = 6903A36726455EB50020350C;
			remoteInfo = FlexSlider;
		};
/* End PBXContainerItemProxy section */

/* Begin PBXFileReference section */
		18305B6EA2550C8741B9A6DC /* Pods_FlexSlider_FlexSliderTests.framework */ = {isa = PBXFileReference; explicitFileType = wrapper.framework; includeInIndex = 0; path = Pods_FlexSlider_FlexSliderTests.framework; sourceTree = BUILT_PRODUCTS_DIR; };
		197497E3A0669957DEA5C8A4 /* Pods-FlexSlider-FlexSliderTests.debug.xcconfig */ = {isa = PBXFileReference; includeInIndex = 1; lastKnownFileType = text.xcconfig; name = "Pods-FlexSlider-FlexSliderTests.debug.xcconfig"; path = "Target Support Files/Pods-FlexSlider-FlexSliderTests/Pods-FlexSlider-FlexSliderTests.debug.xcconfig"; sourceTree = "<group>"; };
		39F984C7C4E97DCC317F246A /* Pods-FlexSlider.debug.xcconfig */ = {isa = PBXFileReference; includeInIndex = 1; lastKnownFileType = text.xcconfig; name = "Pods-FlexSlider.debug.xcconfig"; path = "Target Support Files/Pods-FlexSlider/Pods-FlexSlider.debug.xcconfig"; sourceTree = "<group>"; };
		5038D58F316F03751A77C989 /* Pods-FlexSlider-FlexSliderTests.release.xcconfig */ = {isa = PBXFileReference; includeInIndex = 1; lastKnownFileType = text.xcconfig; name = "Pods-FlexSlider-FlexSliderTests.release.xcconfig"; path = "Target Support Files/Pods-FlexSlider-FlexSliderTests/Pods-FlexSlider-FlexSliderTests.release.xcconfig"; sourceTree = "<group>"; };
		6903A36826455EB50020350C /* FlexSlider.framework */ = {isa = PBXFileReference; explicitFileType = wrapper.framework; includeInIndex = 0; path = FlexSlider.framework; sourceTree = BUILT_PRODUCTS_DIR; };
		6903A36B26455EB50020350C /* FlexSlider.h */ = {isa = PBXFileReference; lastKnownFileType = sourcecode.c.h; path = FlexSlider.h; sourceTree = "<group>"; };
		6903A36C26455EB50020350C /* Info.plist */ = {isa = PBXFileReference; lastKnownFileType = text.plist.xml; path = Info.plist; sourceTree = "<group>"; };
		6903A37126455EB50020350C /* FlexSliderTests.xctest */ = {isa = PBXFileReference; explicitFileType = wrapper.cfbundle; includeInIndex = 0; path = FlexSliderTests.xctest; sourceTree = BUILT_PRODUCTS_DIR; };
		6903A37626455EB50020350C /* FlexSliderTests.swift */ = {isa = PBXFileReference; lastKnownFileType = sourcecode.swift; path = FlexSliderTests.swift; sourceTree = "<group>"; };
		6903A37826455EB50020350C /* Info.plist */ = {isa = PBXFileReference; lastKnownFileType = text.plist.xml; path = Info.plist; sourceTree = "<group>"; };
		6903A382264562060020350C /* FlexMutableSlider.swift */ = {isa = PBXFileReference; fileEncoding = 4; lastKnownFileType = sourcecode.swift; path = FlexMutableSlider.swift; sourceTree = "<group>"; };
		6903A383264562060020350C /* FlexSnapStepper.swift */ = {isa = PBXFileReference; fileEncoding = 4; lastKnownFileType = sourcecode.swift; path = FlexSnapStepper.swift; sourceTree = "<group>"; };
		6903A384264562060020350C /* FlexSlider.swift */ = {isa = PBXFileReference; fileEncoding = 4; lastKnownFileType = sourcecode.swift; path = FlexSlider.swift; sourceTree = "<group>"; };
		6903A385264562060020350C /* FlexFlickButton.swift */ = {isa = PBXFileReference; fileEncoding = 4; lastKnownFileType = sourcecode.swift; path = FlexFlickButton.swift; sourceTree = "<group>"; };
		6903A386264562060020350C /* FlexDoubleSlider.swift */ = {isa = PBXFileReference; fileEncoding = 4; lastKnownFileType = sourcecode.swift; path = FlexDoubleSlider.swift; sourceTree = "<group>"; };
		6903A387264562060020350C /* GenericStyleSlider.swift */ = {isa = PBXFileReference; fileEncoding = 4; lastKnownFileType = sourcecode.swift; path = GenericStyleSlider.swift; sourceTree = "<group>"; };
		6903A3962645632C0020350C /* FlexFlickActionItem.swift */ = {isa = PBXFileReference; fileEncoding = 4; lastKnownFileType = sourcecode.swift; path = FlexFlickActionItem.swift; sourceTree = "<group>"; };
		6903A3972645632C0020350C /* SliderThumbSizeInfo.swift */ = {isa = PBXFileReference; fileEncoding = 4; lastKnownFileType = sourcecode.swift; path = SliderThumbSizeInfo.swift; sourceTree = "<group>"; };
		6903A3982645632C0020350C /* MutableSliderItem.swift */ = {isa = PBXFileReference; fileEncoding = 4; lastKnownFileType = sourcecode.swift; path = MutableSliderItem.swift; sourceTree = "<group>"; };
		6903A3992645632C0020350C /* MutableSliderThumbItem.swift */ = {isa = PBXFileReference; fileEncoding = 4; lastKnownFileType = sourcecode.swift; path = MutableSliderThumbItem.swift; sourceTree = "<group>"; };
		6903A39A2645632C0020350C /* SliderItemSizeInfo.swift */ = {isa = PBXFileReference; fileEncoding = 4; lastKnownFileType = sourcecode.swift; path = SliderItemSizeInfo.swift; sourceTree = "<group>"; };
		6903A39B2645632C0020350C /* MutableSliderSeparatorItem.swift */ = {isa = PBXFileReference; fileEncoding = 4; lastKnownFileType = sourcecode.swift; path = MutableSliderSeparatorItem.swift; sourceTree = "<group>"; };
		6903A39C2645632C0020350C /* SliderSeparatorSizeInfo.swift */ = {isa = PBXFileReference; fileEncoding = 4; lastKnownFileType = sourcecode.swift; path = SliderSeparatorSizeInfo.swift; sourceTree = "<group>"; };
		6903A3AB264563760020350C /* StyledSliderItem.swift */ = {isa = PBXFileReference; fileEncoding = 4; lastKnownFileType = sourcecode.swift; path = StyledSliderItem.swift; sourceTree = "<group>"; };
		6903A3AC264563760020350C /* StyledControlDirection.swift */ = {isa = PBXFileReference; fileEncoding = 4; lastKnownFileType = sourcecode.swift; path = StyledControlDirection.swift; sourceTree = "<group>"; };
		6903A3AD264563760020350C /* StyledSliderThumbList.swift */ = {isa = PBXFileReference; fileEncoding = 4; lastKnownFileType = sourcecode.swift; path = StyledSliderThumbList.swift; sourceTree = "<group>"; };
		6903A3AE264563760020350C /* StyledSliderThumbBehaviour.swift */ = {isa = PBXFileReference; fileEncoding = 4; lastKnownFileType = sourcecode.swift; path = StyledSliderThumbBehaviour.swift; sourceTree = "<group>"; };
		6903A3AF264563760020350C /* StyledSliderThumb.swift */ = {isa = PBXFileReference; fileEncoding = 4; lastKnownFileType = sourcecode.swift; path = StyledSliderThumb.swift; sourceTree = "<group>"; };
		6903A3B0264563760020350C /* StyledSliderSeparator.swift */ = {isa = PBXFileReference; fileEncoding = 4; lastKnownFileType = sourcecode.swift; path = StyledSliderSeparator.swift; sourceTree = "<group>"; };
		6903A3BE264566540020350C /* SnappingThumbBehaviour.swift */ = {isa = PBXFileReference; fileEncoding = 4; lastKnownFileType = sourcecode.swift; path = SnappingThumbBehaviour.swift; sourceTree = "<group>"; };
		6903A3C1264566700020350C /* PositionUpdateTimer.swift */ = {isa = PBXFileReference; fileEncoding = 4; lastKnownFileType = sourcecode.swift; path = PositionUpdateTimer.swift; sourceTree = "<group>"; };
		6903A3CB2646A14D0020350C /* StyledSliderElementFactory.swift */ = {isa = PBXFileReference; lastKnownFileType = sourcecode.swift; path = StyledSliderElementFactory.swift; sourceTree = "<group>"; };
		6903A3CE2646A2DB0020350C /* StyledLabelExtension.swift */ = {isa = PBXFileReference; fileEncoding = 4; lastKnownFileType = sourcecode.swift; path = StyledLabelExtension.swift; sourceTree = "<group>"; };
		72CF148940E1549844F81234 /* Pods-FlexSlider.release.xcconfig */ = {isa = PBXFileReference; includeInIndex = 1; lastKnownFileType = text.xcconfig; name = "Pods-FlexSlider.release.xcconfig"; path = "Target Support Files/Pods-FlexSlider/Pods-FlexSlider.release.xcconfig"; sourceTree = "<group>"; };
		F05E7646A7B6A5279AA7233D /* Pods_FlexSlider.framework */ = {isa = PBXFileReference; explicitFileType = wrapper.framework; includeInIndex = 0; path = Pods_FlexSlider.framework; sourceTree = BUILT_PRODUCTS_DIR; };
/* End PBXFileReference section */

/* Begin PBXFrameworksBuildPhase section */
		6903A36526455EB50020350C /* Frameworks */ = {
			isa = PBXFrameworksBuildPhase;
			buildActionMask = 2147483647;
			files = (
				C11539AD8E4226C3BACE0745 /* Pods_FlexSlider.framework in Frameworks */,
			);
			runOnlyForDeploymentPostprocessing = 0;
		};
		6903A36E26455EB50020350C /* Frameworks */ = {
			isa = PBXFrameworksBuildPhase;
			buildActionMask = 2147483647;
			files = (
				6903A37226455EB50020350C /* FlexSlider.framework in Frameworks */,
				7ECADEAAE5FB6DFD61235A50 /* Pods_FlexSlider_FlexSliderTests.framework in Frameworks */,
			);
			runOnlyForDeploymentPostprocessing = 0;
		};
/* End PBXFrameworksBuildPhase section */

/* Begin PBXGroup section */
		6903A35E26455EB50020350C = {
			isa = PBXGroup;
			children = (
				6903A36A26455EB50020350C /* FlexSlider */,
				6903A37526455EB50020350C /* FlexSliderTests */,
				6903A36926455EB50020350C /* Products */,
				B7DE717D6785B4F06460635E /* Pods */,
				B52441F408454A69E0616598 /* Frameworks */,
			);
			sourceTree = "<group>";
		};
		6903A36926455EB50020350C /* Products */ = {
			isa = PBXGroup;
			children = (
				6903A36826455EB50020350C /* FlexSlider.framework */,
				6903A37126455EB50020350C /* FlexSliderTests.xctest */,
			);
			name = Products;
			sourceTree = "<group>";
		};
		6903A36A26455EB50020350C /* FlexSlider */ = {
			isa = PBXGroup;
			children = (
				6903A3C72646A0270020350C /* Extensions */,
				6903A3BD264565E00020350C /* Control */,
				6903A395264563100020350C /* Model */,
				6903A394264562B80020350C /* StyledComponents */,
				6903A386264562060020350C /* FlexDoubleSlider.swift */,
				6903A385264562060020350C /* FlexFlickButton.swift */,
				6903A382264562060020350C /* FlexMutableSlider.swift */,
				6903A384264562060020350C /* FlexSlider.swift */,
				6903A383264562060020350C /* FlexSnapStepper.swift */,
				6903A387264562060020350C /* GenericStyleSlider.swift */,
				6903A36B26455EB50020350C /* FlexSlider.h */,
				6903A36C26455EB50020350C /* Info.plist */,
			);
			path = FlexSlider;
			sourceTree = "<group>";
		};
		6903A37526455EB50020350C /* FlexSliderTests */ = {
			isa = PBXGroup;
			children = (
				6903A37626455EB50020350C /* FlexSliderTests.swift */,
				6903A37826455EB50020350C /* Info.plist */,
			);
			path = FlexSliderTests;
			sourceTree = "<group>";
		};
		6903A394264562B80020350C /* StyledComponents */ = {
			isa = PBXGroup;
			children = (
				6903A3AC264563760020350C /* StyledControlDirection.swift */,
				6903A3AB264563760020350C /* StyledSliderItem.swift */,
				6903A3B0264563760020350C /* StyledSliderSeparator.swift */,
				6903A3AF264563760020350C /* StyledSliderThumb.swift */,
				6903A3AE264563760020350C /* StyledSliderThumbBehaviour.swift */,
				6903A3AD264563760020350C /* StyledSliderThumbList.swift */,
				6903A3CB2646A14D0020350C /* StyledSliderElementFactory.swift */,
			);
			path = StyledComponents;
			sourceTree = "<group>";
		};
		6903A395264563100020350C /* Model */ = {
			isa = PBXGroup;
			children = (
				6903A3962645632C0020350C /* FlexFlickActionItem.swift */,
				6903A3982645632C0020350C /* MutableSliderItem.swift */,
				6903A39B2645632C0020350C /* MutableSliderSeparatorItem.swift */,
				6903A3992645632C0020350C /* MutableSliderThumbItem.swift */,
				6903A39A2645632C0020350C /* SliderItemSizeInfo.swift */,
				6903A39C2645632C0020350C /* SliderSeparatorSizeInfo.swift */,
				6903A3972645632C0020350C /* SliderThumbSizeInfo.swift */,
			);
			path = Model;
			sourceTree = "<group>";
		};
		6903A3BD264565E00020350C /* Control */ = {
			isa = PBXGroup;
			children = (
				6903A3BE264566540020350C /* SnappingThumbBehaviour.swift */,
				6903A3C1264566700020350C /* PositionUpdateTimer.swift */,
			);
			path = Control;
			sourceTree = "<group>";
		};
		6903A3C72646A0270020350C /* Extensions */ = {
			isa = PBXGroup;
			children = (
				6903A3CE2646A2DB0020350C /* StyledLabelExtension.swift */,
			);
			path = Extensions;
			sourceTree = "<group>";
		};
		B52441F408454A69E0616598 /* Frameworks */ = {
			isa = PBXGroup;
			children = (
				F05E7646A7B6A5279AA7233D /* Pods_FlexSlider.framework */,
				18305B6EA2550C8741B9A6DC /* Pods_FlexSlider_FlexSliderTests.framework */,
			);
			name = Frameworks;
			sourceTree = "<group>";
		};
		B7DE717D6785B4F06460635E /* Pods */ = {
			isa = PBXGroup;
			children = (
				39F984C7C4E97DCC317F246A /* Pods-FlexSlider.debug.xcconfig */,
				72CF148940E1549844F81234 /* Pods-FlexSlider.release.xcconfig */,
				197497E3A0669957DEA5C8A4 /* Pods-FlexSlider-FlexSliderTests.debug.xcconfig */,
				5038D58F316F03751A77C989 /* Pods-FlexSlider-FlexSliderTests.release.xcconfig */,
			);
			path = Pods;
			sourceTree = "<group>";
		};
/* End PBXGroup section */

/* Begin PBXHeadersBuildPhase section */
		6903A36326455EB50020350C /* Headers */ = {
			isa = PBXHeadersBuildPhase;
			buildActionMask = 2147483647;
			files = (
				6903A37926455EB50020350C /* FlexSlider.h in Headers */,
			);
			runOnlyForDeploymentPostprocessing = 0;
		};
/* End PBXHeadersBuildPhase section */

/* Begin PBXNativeTarget section */
		6903A36726455EB50020350C /* FlexSlider */ = {
			isa = PBXNativeTarget;
			buildConfigurationList = 6903A37C26455EB50020350C /* Build configuration list for PBXNativeTarget "FlexSlider" */;
			buildPhases = (
				52F31F36312AA47F16B7FAEF /* [CP] Check Pods Manifest.lock */,
				6903A36326455EB50020350C /* Headers */,
				6903A36426455EB50020350C /* Sources */,
				6903A36526455EB50020350C /* Frameworks */,
				6903A36626455EB50020350C /* Resources */,
			);
			buildRules = (
			);
			dependencies = (
			);
			name = FlexSlider;
			productName = FlexSlider;
			productReference = 6903A36826455EB50020350C /* FlexSlider.framework */;
			productType = "com.apple.product-type.framework";
		};
		6903A37026455EB50020350C /* FlexSliderTests */ = {
			isa = PBXNativeTarget;
			buildConfigurationList = 6903A37F26455EB50020350C /* Build configuration list for PBXNativeTarget "FlexSliderTests" */;
			buildPhases = (
				9D88B753FC0892CFC43C4D19 /* [CP] Check Pods Manifest.lock */,
				6903A36D26455EB50020350C /* Sources */,
				6903A36E26455EB50020350C /* Frameworks */,
				6903A36F26455EB50020350C /* Resources */,
				2270ECB4460153131392E186 /* [CP] Embed Pods Frameworks */,
			);
			buildRules = (
			);
			dependencies = (
				6903A37426455EB50020350C /* PBXTargetDependency */,
			);
			name = FlexSliderTests;
			productName = FlexSliderTests;
			productReference = 6903A37126455EB50020350C /* FlexSliderTests.xctest */;
			productType = "com.apple.product-type.bundle.unit-test";
		};
/* End PBXNativeTarget section */

/* Begin PBXProject section */
		6903A35F26455EB50020350C /* Project object */ = {
			isa = PBXProject;
			attributes = {
				LastSwiftUpdateCheck = 1250;
				LastUpgradeCheck = 1250;
				TargetAttributes = {
					6903A36726455EB50020350C = {
						CreatedOnToolsVersion = 12.5;
						LastSwiftMigration = 1250;
					};
					6903A37026455EB50020350C = {
						CreatedOnToolsVersion = 12.5;
					};
				};
			};
			buildConfigurationList = 6903A36226455EB50020350C /* Build configuration list for PBXProject "FlexSlider" */;
			compatibilityVersion = "Xcode 9.3";
			developmentRegion = en;
			hasScannedForEncodings = 0;
			knownRegions = (
				en,
				Base,
			);
			mainGroup = 6903A35E26455EB50020350C;
			productRefGroup = 6903A36926455EB50020350C /* Products */;
			projectDirPath = "";
			projectRoot = "";
			targets = (
				6903A36726455EB50020350C /* FlexSlider */,
				6903A37026455EB50020350C /* FlexSliderTests */,
			);
		};
/* End PBXProject section */

/* Begin PBXResourcesBuildPhase section */
		6903A36626455EB50020350C /* Resources */ = {
			isa = PBXResourcesBuildPhase;
			buildActionMask = 2147483647;
			files = (
			);
			runOnlyForDeploymentPostprocessing = 0;
		};
		6903A36F26455EB50020350C /* Resources */ = {
			isa = PBXResourcesBuildPhase;
			buildActionMask = 2147483647;
			files = (
			);
			runOnlyForDeploymentPostprocessing = 0;
		};
/* End PBXResourcesBuildPhase section */

/* Begin PBXShellScriptBuildPhase section */
		2270ECB4460153131392E186 /* [CP] Embed Pods Frameworks */ = {
			isa = PBXShellScriptBuildPhase;
			buildActionMask = 2147483647;
			files = (
			);
			inputFileListPaths = (
				"${PODS_ROOT}/Target Support Files/Pods-FlexSlider-FlexSliderTests/Pods-FlexSlider-FlexSliderTests-frameworks-${CONFIGURATION}-input-files.xcfilelist",
			);
			name = "[CP] Embed Pods Frameworks";
			outputFileListPaths = (
				"${PODS_ROOT}/Target Support Files/Pods-FlexSlider-FlexSliderTests/Pods-FlexSlider-FlexSliderTests-frameworks-${CONFIGURATION}-output-files.xcfilelist",
			);
			runOnlyForDeploymentPostprocessing = 0;
			shellPath = /bin/sh;
			shellScript = "\"${PODS_ROOT}/Target Support Files/Pods-FlexSlider-FlexSliderTests/Pods-FlexSlider-FlexSliderTests-frameworks.sh\"\n";
			showEnvVarsInLog = 0;
		};
		52F31F36312AA47F16B7FAEF /* [CP] Check Pods Manifest.lock */ = {
			isa = PBXShellScriptBuildPhase;
			buildActionMask = 2147483647;
			files = (
			);
			inputFileListPaths = (
			);
			inputPaths = (
				"${PODS_PODFILE_DIR_PATH}/Podfile.lock",
				"${PODS_ROOT}/Manifest.lock",
			);
			name = "[CP] Check Pods Manifest.lock";
			outputFileListPaths = (
			);
			outputPaths = (
				"$(DERIVED_FILE_DIR)/Pods-FlexSlider-checkManifestLockResult.txt",
			);
			runOnlyForDeploymentPostprocessing = 0;
			shellPath = /bin/sh;
			shellScript = "diff \"${PODS_PODFILE_DIR_PATH}/Podfile.lock\" \"${PODS_ROOT}/Manifest.lock\" > /dev/null\nif [ $? != 0 ] ; then\n    # print error to STDERR\n    echo \"error: The sandbox is not in sync with the Podfile.lock. Run 'pod install' or update your CocoaPods installation.\" >&2\n    exit 1\nfi\n# This output is used by Xcode 'outputs' to avoid re-running this script phase.\necho \"SUCCESS\" > \"${SCRIPT_OUTPUT_FILE_0}\"\n";
			showEnvVarsInLog = 0;
		};
		9D88B753FC0892CFC43C4D19 /* [CP] Check Pods Manifest.lock */ = {
			isa = PBXShellScriptBuildPhase;
			buildActionMask = 2147483647;
			files = (
			);
			inputFileListPaths = (
			);
			inputPaths = (
				"${PODS_PODFILE_DIR_PATH}/Podfile.lock",
				"${PODS_ROOT}/Manifest.lock",
			);
			name = "[CP] Check Pods Manifest.lock";
			outputFileListPaths = (
			);
			outputPaths = (
				"$(DERIVED_FILE_DIR)/Pods-FlexSlider-FlexSliderTests-checkManifestLockResult.txt",
			);
			runOnlyForDeploymentPostprocessing = 0;
			shellPath = /bin/sh;
			shellScript = "diff \"${PODS_PODFILE_DIR_PATH}/Podfile.lock\" \"${PODS_ROOT}/Manifest.lock\" > /dev/null\nif [ $? != 0 ] ; then\n    # print error to STDERR\n    echo \"error: The sandbox is not in sync with the Podfile.lock. Run 'pod install' or update your CocoaPods installation.\" >&2\n    exit 1\nfi\n# This output is used by Xcode 'outputs' to avoid re-running this script phase.\necho \"SUCCESS\" > \"${SCRIPT_OUTPUT_FILE_0}\"\n";
			showEnvVarsInLog = 0;
		};
/* End PBXShellScriptBuildPhase section */

/* Begin PBXSourcesBuildPhase section */
		6903A36426455EB50020350C /* Sources */ = {
			isa = PBXSourcesBuildPhase;
			buildActionMask = 2147483647;
			files = (
				6903A3C2264566700020350C /* PositionUpdateTimer.swift in Sources */,
				6903A392264562060020350C /* GenericStyleSlider.swift in Sources */,
				6903A38E264562060020350C /* FlexFlickButton.swift in Sources */,
				6903A3CC2646A14D0020350C /* StyledSliderElementFactory.swift in Sources */,
				6903A3B9264563760020350C /* StyledSliderThumb.swift in Sources */,
				6903A38C264562060020350C /* FlexSlider.swift in Sources */,
				6903A3BF264566540020350C /* SnappingThumbBehaviour.swift in Sources */,
				6903A3A32645632C0020350C /* MutableSliderThumbItem.swift in Sources */,
				6903A390264562060020350C /* FlexDoubleSlider.swift in Sources */,
				6903A3B3264563760020350C /* StyledControlDirection.swift in Sources */,
				6903A3A12645632C0020350C /* MutableSliderItem.swift in Sources */,
				6903A38A264562060020350C /* FlexSnapStepper.swift in Sources */,
				6903A3B7264563760020350C /* StyledSliderThumbBehaviour.swift in Sources */,
				6903A388264562060020350C /* FlexMutableSlider.swift in Sources */,
				6903A3A72645632C0020350C /* MutableSliderSeparatorItem.swift in Sources */,
				6903A3CF2646A2DB0020350C /* StyledLabelExtension.swift in Sources */,
				6903A3B5264563760020350C /* StyledSliderThumbList.swift in Sources */,
				6903A3A92645632C0020350C /* SliderSeparatorSizeInfo.swift in Sources */,
				6903A3A52645632C0020350C /* SliderItemSizeInfo.swift in Sources */,
				6903A39F2645632C0020350C /* SliderThumbSizeInfo.swift in Sources */,
				6903A3B1264563760020350C /* StyledSliderItem.swift in Sources */,
				6903A39D2645632C0020350C /* FlexFlickActionItem.swift in Sources */,
				6903A3BB264563760020350C /* StyledSliderSeparator.swift in Sources */,
			);
			runOnlyForDeploymentPostprocessing = 0;
		};
		6903A36D26455EB50020350C /* Sources */ = {
			isa = PBXSourcesBuildPhase;
			buildActionMask = 2147483647;
			files = (
				6903A3A82645632C0020350C /* MutableSliderSeparatorItem.swift in Sources */,
				6903A3C3264566700020350C /* PositionUpdateTimer.swift in Sources */,
				6903A3A62645632C0020350C /* SliderItemSizeInfo.swift in Sources */,
				6903A389264562060020350C /* FlexMutableSlider.swift in Sources */,
				6903A3A42645632C0020350C /* MutableSliderThumbItem.swift in Sources */,
				6903A3A02645632C0020350C /* SliderThumbSizeInfo.swift in Sources */,
				6903A3BA264563760020350C /* StyledSliderThumb.swift in Sources */,
				6903A3B2264563760020350C /* StyledSliderItem.swift in Sources */,
				6903A3BC264563760020350C /* StyledSliderSeparator.swift in Sources */,
				6903A3B8264563760020350C /* StyledSliderThumbBehaviour.swift in Sources */,
				6903A3B6264563760020350C /* StyledSliderThumbList.swift in Sources */,
				6903A3A22645632C0020350C /* MutableSliderItem.swift in Sources */,
				6903A39E2645632C0020350C /* FlexFlickActionItem.swift in Sources */,
				6903A38D264562060020350C /* FlexSlider.swift in Sources */,
				6903A38B264562060020350C /* FlexSnapStepper.swift in Sources */,
				6903A3D02646A2DB0020350C /* StyledLabelExtension.swift in Sources */,
				6903A3AA2645632C0020350C /* SliderSeparatorSizeInfo.swift in Sources */,
				6903A38F264562060020350C /* FlexFlickButton.swift in Sources */,
				6903A3CD2646A14D0020350C /* StyledSliderElementFactory.swift in Sources */,
				6903A393264562060020350C /* GenericStyleSlider.swift in Sources */,
				6903A391264562060020350C /* FlexDoubleSlider.swift in Sources */,
				6903A3B4264563760020350C /* StyledControlDirection.swift in Sources */,
				6903A3C0264566540020350C /* SnappingThumbBehaviour.swift in Sources */,
				6903A37726455EB50020350C /* FlexSliderTests.swift in Sources */,
			);
			runOnlyForDeploymentPostprocessing = 0;
		};
/* End PBXSourcesBuildPhase section */

/* Begin PBXTargetDependency section */
		6903A37426455EB50020350C /* PBXTargetDependency */ = {
			isa = PBXTargetDependency;
			target = 6903A36726455EB50020350C /* FlexSlider */;
			targetProxy = 6903A37326455EB50020350C /* PBXContainerItemProxy */;
		};
/* End PBXTargetDependency section */

/* Begin XCBuildConfiguration section */
		6903A37A26455EB50020350C /* Debug */ = {
			isa = XCBuildConfiguration;
			buildSettings = {
				ALWAYS_SEARCH_USER_PATHS = NO;
				CLANG_ANALYZER_NONNULL = YES;
				CLANG_ANALYZER_NUMBER_OBJECT_CONVERSION = YES_AGGRESSIVE;
				CLANG_CXX_LANGUAGE_STANDARD = "gnu++14";
				CLANG_CXX_LIBRARY = "libc++";
				CLANG_ENABLE_MODULES = YES;
				CLANG_ENABLE_OBJC_ARC = YES;
				CLANG_ENABLE_OBJC_WEAK = YES;
				CLANG_WARN_BLOCK_CAPTURE_AUTORELEASING = YES;
				CLANG_WARN_BOOL_CONVERSION = YES;
				CLANG_WARN_COMMA = YES;
				CLANG_WARN_CONSTANT_CONVERSION = YES;
				CLANG_WARN_DEPRECATED_OBJC_IMPLEMENTATIONS = YES;
				CLANG_WARN_DIRECT_OBJC_ISA_USAGE = YES_ERROR;
				CLANG_WARN_DOCUMENTATION_COMMENTS = YES;
				CLANG_WARN_EMPTY_BODY = YES;
				CLANG_WARN_ENUM_CONVERSION = YES;
				CLANG_WARN_INFINITE_RECURSION = YES;
				CLANG_WARN_INT_CONVERSION = YES;
				CLANG_WARN_NON_LITERAL_NULL_CONVERSION = YES;
				CLANG_WARN_OBJC_IMPLICIT_RETAIN_SELF = YES;
				CLANG_WARN_OBJC_LITERAL_CONVERSION = YES;
				CLANG_WARN_OBJC_ROOT_CLASS = YES_ERROR;
				CLANG_WARN_QUOTED_INCLUDE_IN_FRAMEWORK_HEADER = YES;
				CLANG_WARN_RANGE_LOOP_ANALYSIS = YES;
				CLANG_WARN_STRICT_PROTOTYPES = YES;
				CLANG_WARN_SUSPICIOUS_MOVE = YES;
				CLANG_WARN_UNGUARDED_AVAILABILITY = YES_AGGRESSIVE;
				CLANG_WARN_UNREACHABLE_CODE = YES;
				CLANG_WARN__DUPLICATE_METHOD_MATCH = YES;
				COPY_PHASE_STRIP = NO;
				CURRENT_PROJECT_VERSION = 1;
				DEBUG_INFORMATION_FORMAT = dwarf;
				ENABLE_STRICT_OBJC_MSGSEND = YES;
				ENABLE_TESTABILITY = YES;
				GCC_C_LANGUAGE_STANDARD = gnu11;
				GCC_DYNAMIC_NO_PIC = NO;
				GCC_NO_COMMON_BLOCKS = YES;
				GCC_OPTIMIZATION_LEVEL = 0;
				GCC_PREPROCESSOR_DEFINITIONS = (
					"DEBUG=1",
					"$(inherited)",
				);
				GCC_WARN_64_TO_32_BIT_CONVERSION = YES;
				GCC_WARN_ABOUT_RETURN_TYPE = YES_ERROR;
				GCC_WARN_UNDECLARED_SELECTOR = YES;
				GCC_WARN_UNINITIALIZED_AUTOS = YES_AGGRESSIVE;
				GCC_WARN_UNUSED_FUNCTION = YES;
				GCC_WARN_UNUSED_VARIABLE = YES;
				IPHONEOS_DEPLOYMENT_TARGET = 12.1;
				MTL_ENABLE_DEBUG_INFO = INCLUDE_SOURCE;
				MTL_FAST_MATH = YES;
				ONLY_ACTIVE_ARCH = YES;
				SDKROOT = iphoneos;
				SWIFT_ACTIVE_COMPILATION_CONDITIONS = DEBUG;
				SWIFT_OPTIMIZATION_LEVEL = "-Onone";
				VERSIONING_SYSTEM = "apple-generic";
				VERSION_INFO_PREFIX = "";
			};
			name = Debug;
		};
		6903A37B26455EB50020350C /* Release */ = {
			isa = XCBuildConfiguration;
			buildSettings = {
				ALWAYS_SEARCH_USER_PATHS = NO;
				CLANG_ANALYZER_NONNULL = YES;
				CLANG_ANALYZER_NUMBER_OBJECT_CONVERSION = YES_AGGRESSIVE;
				CLANG_CXX_LANGUAGE_STANDARD = "gnu++14";
				CLANG_CXX_LIBRARY = "libc++";
				CLANG_ENABLE_MODULES = YES;
				CLANG_ENABLE_OBJC_ARC = YES;
				CLANG_ENABLE_OBJC_WEAK = YES;
				CLANG_WARN_BLOCK_CAPTURE_AUTORELEASING = YES;
				CLANG_WARN_BOOL_CONVERSION = YES;
				CLANG_WARN_COMMA = YES;
				CLANG_WARN_CONSTANT_CONVERSION = YES;
				CLANG_WARN_DEPRECATED_OBJC_IMPLEMENTATIONS = YES;
				CLANG_WARN_DIRECT_OBJC_ISA_USAGE = YES_ERROR;
				CLANG_WARN_DOCUMENTATION_COMMENTS = YES;
				CLANG_WARN_EMPTY_BODY = YES;
				CLANG_WARN_ENUM_CONVERSION = YES;
				CLANG_WARN_INFINITE_RECURSION = YES;
				CLANG_WARN_INT_CONVERSION = YES;
				CLANG_WARN_NON_LITERAL_NULL_CONVERSION = YES;
				CLANG_WARN_OBJC_IMPLICIT_RETAIN_SELF = YES;
				CLANG_WARN_OBJC_LITERAL_CONVERSION = YES;
				CLANG_WARN_OBJC_ROOT_CLASS = YES_ERROR;
				CLANG_WARN_QUOTED_INCLUDE_IN_FRAMEWORK_HEADER = YES;
				CLANG_WARN_RANGE_LOOP_ANALYSIS = YES;
				CLANG_WARN_STRICT_PROTOTYPES = YES;
				CLANG_WARN_SUSPICIOUS_MOVE = YES;
				CLANG_WARN_UNGUARDED_AVAILABILITY = YES_AGGRESSIVE;
				CLANG_WARN_UNREACHABLE_CODE = YES;
				CLANG_WARN__DUPLICATE_METHOD_MATCH = YES;
				COPY_PHASE_STRIP = NO;
				CURRENT_PROJECT_VERSION = 1;
				DEBUG_INFORMATION_FORMAT = "dwarf-with-dsym";
				ENABLE_NS_ASSERTIONS = NO;
				ENABLE_STRICT_OBJC_MSGSEND = YES;
				GCC_C_LANGUAGE_STANDARD = gnu11;
				GCC_NO_COMMON_BLOCKS = YES;
				GCC_WARN_64_TO_32_BIT_CONVERSION = YES;
				GCC_WARN_ABOUT_RETURN_TYPE = YES_ERROR;
				GCC_WARN_UNDECLARED_SELECTOR = YES;
				GCC_WARN_UNINITIALIZED_AUTOS = YES_AGGRESSIVE;
				GCC_WARN_UNUSED_FUNCTION = YES;
				GCC_WARN_UNUSED_VARIABLE = YES;
				IPHONEOS_DEPLOYMENT_TARGET = 12.1;
				MTL_ENABLE_DEBUG_INFO = NO;
				MTL_FAST_MATH = YES;
				SDKROOT = iphoneos;
				SWIFT_COMPILATION_MODE = wholemodule;
				SWIFT_OPTIMIZATION_LEVEL = "-O";
				VALIDATE_PRODUCT = YES;
				VERSIONING_SYSTEM = "apple-generic";
				VERSION_INFO_PREFIX = "";
			};
			name = Release;
		};
		6903A37D26455EB50020350C /* Debug */ = {
			isa = XCBuildConfiguration;
			baseConfigurationReference = 39F984C7C4E97DCC317F246A /* Pods-FlexSlider.debug.xcconfig */;
			buildSettings = {
				CLANG_ENABLE_MODULES = YES;
				CODE_SIGN_STYLE = Automatic;
				DEFINES_MODULE = YES;
				DEVELOPMENT_TEAM = V7Y9TF9C7U;
				DYLIB_COMPATIBILITY_VERSION = 1;
				DYLIB_CURRENT_VERSION = 1;
				DYLIB_INSTALL_NAME_BASE = "@rpath";
				INFOPLIST_FILE = FlexSlider/Info.plist;
				INSTALL_PATH = "$(LOCAL_LIBRARY_DIR)/Frameworks";
				IPHONEOS_DEPLOYMENT_TARGET = 12.1;
				LD_RUNPATH_SEARCH_PATHS = (
					"$(inherited)",
					"@executable_path/Frameworks",
					"@loader_path/Frameworks",
				);
				MARKETING_VERSION = 1.0.3;
				PRODUCT_BUNDLE_IDENTIFIER = com.rehsco.FlexSlider;
				PRODUCT_NAME = "$(TARGET_NAME:c99extidentifier)";
				SKIP_INSTALL = YES;
				SUPPORTS_MACCATALYST = NO;
				SWIFT_OPTIMIZATION_LEVEL = "-Onone";
				SWIFT_VERSION = 5.0;
				TARGETED_DEVICE_FAMILY = "1,2";
			};
			name = Debug;
		};
		6903A37E26455EB50020350C /* Release */ = {
			isa = XCBuildConfiguration;
			baseConfigurationReference = 72CF148940E1549844F81234 /* Pods-FlexSlider.release.xcconfig */;
			buildSettings = {
				CLANG_ENABLE_MODULES = YES;
				CODE_SIGN_STYLE = Automatic;
				DEFINES_MODULE = YES;
				DEVELOPMENT_TEAM = V7Y9TF9C7U;
				DYLIB_COMPATIBILITY_VERSION = 1;
				DYLIB_CURRENT_VERSION = 1;
				DYLIB_INSTALL_NAME_BASE = "@rpath";
				INFOPLIST_FILE = FlexSlider/Info.plist;
				INSTALL_PATH = "$(LOCAL_LIBRARY_DIR)/Frameworks";
				IPHONEOS_DEPLOYMENT_TARGET = 12.1;
				LD_RUNPATH_SEARCH_PATHS = (
					"$(inherited)",
					"@executable_path/Frameworks",
					"@loader_path/Frameworks",
				);
				MARKETING_VERSION = 1.0.3;
				PRODUCT_BUNDLE_IDENTIFIER = com.rehsco.FlexSlider;
				PRODUCT_NAME = "$(TARGET_NAME:c99extidentifier)";
				SKIP_INSTALL = YES;
				SUPPORTS_MACCATALYST = NO;
				SWIFT_VERSION = 5.0;
				TARGETED_DEVICE_FAMILY = "1,2";
			};
			name = Release;
		};
		6903A38026455EB50020350C /* Debug */ = {
			isa = XCBuildConfiguration;
			baseConfigurationReference = 197497E3A0669957DEA5C8A4 /* Pods-FlexSlider-FlexSliderTests.debug.xcconfig */;
			buildSettings = {
				ALWAYS_EMBED_SWIFT_STANDARD_LIBRARIES = YES;
				CODE_SIGN_STYLE = Automatic;
				DEVELOPMENT_TEAM = V7Y9TF9C7U;
				INFOPLIST_FILE = FlexSliderTests/Info.plist;
				LD_RUNPATH_SEARCH_PATHS = (
					"$(inherited)",
					"@executable_path/Frameworks",
					"@loader_path/Frameworks",
				);
				PRODUCT_BUNDLE_IDENTIFIER = com.rehsco.FlexSliderTests;
				PRODUCT_NAME = "$(TARGET_NAME)";
				SWIFT_VERSION = 5.0;
				TARGETED_DEVICE_FAMILY = "1,2";
			};
			name = Debug;
		};
		6903A38126455EB50020350C /* Release */ = {
			isa = XCBuildConfiguration;
			baseConfigurationReference = 5038D58F316F03751A77C989 /* Pods-FlexSlider-FlexSliderTests.release.xcconfig */;
			buildSettings = {
				ALWAYS_EMBED_SWIFT_STANDARD_LIBRARIES = YES;
				CODE_SIGN_STYLE = Automatic;
				DEVELOPMENT_TEAM = V7Y9TF9C7U;
				INFOPLIST_FILE = FlexSliderTests/Info.plist;
				LD_RUNPATH_SEARCH_PATHS = (
					"$(inherited)",
					"@executable_path/Frameworks",
					"@loader_path/Frameworks",
				);
				PRODUCT_BUNDLE_IDENTIFIER = com.rehsco.FlexSliderTests;
				PRODUCT_NAME = "$(TARGET_NAME)";
				SWIFT_VERSION = 5.0;
				TARGETED_DEVICE_FAMILY = "1,2";
			};
			name = Release;
		};
/* End XCBuildConfiguration section */

/* Begin XCConfigurationList section */
		6903A36226455EB50020350C /* Build configuration list for PBXProject "FlexSlider" */ = {
			isa = XCConfigurationList;
			buildConfigurations = (
				6903A37A26455EB50020350C /* Debug */,
				6903A37B26455EB50020350C /* Release */,
			);
			defaultConfigurationIsVisible = 0;
			defaultConfigurationName = Release;
		};
		6903A37C26455EB50020350C /* Build configuration list for PBXNativeTarget "FlexSlider" */ = {
			isa = XCConfigurationList;
			buildConfigurations = (
				6903A37D26455EB50020350C /* Debug */,
				6903A37E26455EB50020350C /* Release */,
			);
			defaultConfigurationIsVisible = 0;
			defaultConfigurationName = Release;
		};
		6903A37F26455EB50020350C /* Build configuration list for PBXNativeTarget "FlexSliderTests" */ = {
			isa = XCConfigurationList;
			buildConfigurations = (
				6903A38026455EB50020350C /* Debug */,
				6903A38126455EB50020350C /* Release */,
			);
			defaultConfigurationIsVisible = 0;
			defaultConfigurationName = Release;
		};
/* End XCConfigurationList section */
	};
	rootObject = 6903A35F26455EB50020350C /* Project object */;
}
